schema: '2.0'
stages:
  get_data:
    cmd: python data_getter.py
    deps:
    - path: data_getter.py
      hash: md5
      md5: 2c87abfc393f95dcd9916306fcbf1e5c
      size: 437
    outs:
    - path: data/raw_weather.csv
      hash: md5
      md5: 63986bed5ca781c0e3e16b4300283cff
      size: 161497
  clean_data:
    cmd: python data_cleaner.py
    deps:
    - path: data/raw_weather.csv
      hash: md5
      md5: 63986bed5ca781c0e3e16b4300283cff
      size: 161497
    - path: data_cleaner.py
      hash: md5
      md5: 948d233286ec521b69883c18502ed842
      size: 497
    outs:
    - path: data/cleaned_weather.csv
      hash: md5
      md5: 7ef8bf3e2517bf96e163ade663b7bbb7
      size: 126446
  train_model:
    cmd: python train.py
    deps:
    - path: data/cleaned_weather.csv
      hash: md5
      md5: 7ef8bf3e2517bf96e163ade663b7bbb7
      size: 126446
    - path: train.py
      hash: md5
      md5: 08fdf751a5147cf055891e295745f5d2
      size: 1220
    outs:
    - path: metrics.json
      hash: md5
      md5: b92c93f96933fee4f3883fc13da446b1
      size: 27
    - path: model.pkl
      hash: md5
      md5: 6e82f036afe1dd5d8d053768c40c7ced
      size: 21880732
