schema: '2.0'
stages:
  get_data:
    cmd: python data_getter.py
    deps:
    - path: data_getter.py
      hash: md5
      md5: 8fa970e29812b392b42b804085934fda
      size: 1483
    outs:
    - path: data/raw_weather.csv
      hash: md5
      md5: 63986bed5ca781c0e3e16b4300283cff
      size: 161497
  clean_data:
    cmd: python data_cleaner.py
    deps:
    - path: data/raw_weather.csv
      hash: md5
      md5: 63986bed5ca781c0e3e16b4300283cff
      size: 161497
    - path: data_cleaner.py
      hash: md5
      md5: 948d233286ec521b69883c18502ed842
      size: 497
    outs:
    - path: data/cleaned_weather.csv
      hash: md5
      md5: 7ef8bf3e2517bf96e163ade663b7bbb7
      size: 126446
  train_model:
    cmd: python train.py
    deps:
    - path: data/cleaned_weather.csv
      hash: md5
      md5: 7ef8bf3e2517bf96e163ade663b7bbb7
      size: 126446
    - path: train.py
      hash: md5
      md5: 148c9b1f99b750ec487e6094f079b74a
      size: 2958
    outs:
    - path: metrics.json
      hash: md5
      md5: 27b9ee797dbc8c10c03e99cf000c6250
      size: 177
    - path: model.pkl
      hash: md5
      md5: 9b806211d7781156a8c12712bfc66ac2
      size: 23034193
